// !$*UTF8*$!
{
	archiveVersion = 1;
	classes = {
	};
	objectVersion = 46;
	objects = {

/* Begin PBXBuildFile section */
		6B1EB7E41A37D4BB009F483E /* QuartzCore.framework in Frameworks */ = {isa = PBXBuildFile; fileRef = 6B1EB7E31A37D4BB009F483E /* QuartzCore.framework */; };
		6B1EB7E61A37D4F7009F483E /* AVFoundation.framework in Frameworks */ = {isa = PBXBuildFile; fileRef = 6B1EB7E51A37D4F7009F483E /* AVFoundation.framework */; };
		6B41AC6D1A3009A000064AFB /* 4.jpg in Resources */ = {isa = PBXBuildFile; fileRef = 6B41AC6A1A3009A000064AFB /* 4.jpg */; };
		6B41AC6E1A3009A000064AFB /* 5.jpg in Resources */ = {isa = PBXBuildFile; fileRef = 6B41AC6B1A3009A000064AFB /* 5.jpg */; };
		6B41AC6F1A3009A000064AFB /* 6.jpg in Resources */ = {isa = PBXBuildFile; fileRef = 6B41AC6C1A3009A000064AFB /* 6.jpg */; };
		6B6E9ACF1A2C0793002564A3 /* Foundation.framework in Frameworks */ = {isa = PBXBuildFile; fileRef = 6B6E9ACE1A2C0793002564A3 /* Foundation.framework */; };
		6B6E9AD11A2C0793002564A3 /* CoreGraphics.framework in Frameworks */ = {isa = PBXBuildFile; fileRef = 6B6E9AD01A2C0793002564A3 /* CoreGraphics.framework */; };
		6B6E9AD31A2C0793002564A3 /* UIKit.framework in Frameworks */ = {isa = PBXBuildFile; fileRef = 6B6E9AD21A2C0793002564A3 /* UIKit.framework */; };
		6B6E9AD91A2C0793002564A3 /* InfoPlist.strings in Resources */ = {isa = PBXBuildFile; fileRef = 6B6E9AD71A2C0793002564A3 /* InfoPlist.strings */; };
		6B6E9ADB1A2C0793002564A3 /* main.m in Sources */ = {isa = PBXBuildFile; fileRef = 6B6E9ADA1A2C0793002564A3 /* main.m */; };
		6B6E9ADF1A2C0793002564A3 /* linusHaoAppDelegate.m in Sources */ = {isa = PBXBuildFile; fileRef = 6B6E9ADE1A2C0793002564A3 /* linusHaoAppDelegate.m */; };
		6B6E9AE21A2C0793002564A3 /* Main.storyboard in Resources */ = {isa = PBXBuildFile; fileRef = 6B6E9AE01A2C0793002564A3 /* Main.storyboard */; };
		6B6E9AE51A2C0793002564A3 /* linusHaoViewController.m in Sources */ = {isa = PBXBuildFile; fileRef = 6B6E9AE41A2C0793002564A3 /* linusHaoViewController.m */; };
		6B6E9AE71A2C0793002564A3 /* Images.xcassets in Resources */ = {isa = PBXBuildFile; fileRef = 6B6E9AE61A2C0793002564A3 /* Images.xcassets */; };
		6B6E9AEE1A2C0793002564A3 /* XCTest.framework in Frameworks */ = {isa = PBXBuildFile; fileRef = 6B6E9AED1A2C0793002564A3 /* XCTest.framework */; };
		6B6E9AEF1A2C0793002564A3 /* Foundation.framework in Frameworks */ = {isa = PBXBuildFile; fileRef = 6B6E9ACE1A2C0793002564A3 /* Foundation.framework */; };
		6B6E9AF01A2C0793002564A3 /* UIKit.framework in Frameworks */ = {isa = PBXBuildFile; fileRef = 6B6E9AD21A2C0793002564A3 /* UIKit.framework */; };
		6B6E9AF81A2C0793002564A3 /* InfoPlist.strings in Resources */ = {isa = PBXBuildFile; fileRef = 6B6E9AF61A2C0793002564A3 /* InfoPlist.strings */; };
		6B6E9AFA1A2C0793002564A3 /* ProjectTestTests.m in Sources */ = {isa = PBXBuildFile; fileRef = 6B6E9AF91A2C0793002564A3 /* ProjectTestTests.m */; };
		6B6E9B051A2C11DA002564A3 /* dotImage.png in Resources */ = {isa = PBXBuildFile; fileRef = 6B6E9B041A2C11DA002564A3 /* dotImage.png */; };
		6B6E9B081A2C16B3002564A3 /* AboutUsViewController.m in Sources */ = {isa = PBXBuildFile; fileRef = 6B6E9B071A2C16B3002564A3 /* AboutUsViewController.m */; };
		6B6E9B0B1A2C1C01002564A3 /* ProductsViewController.m in Sources */ = {isa = PBXBuildFile; fileRef = 6B6E9B0A1A2C1C01002564A3 /* ProductsViewController.m */; };
		6B6E9B681A2D68C5002564A3 /* 1.jpg in Resources */ = {isa = PBXBuildFile; fileRef = 6B6E9B651A2D68C5002564A3 /* 1.jpg */; };
		6B6E9B691A2D68C5002564A3 /* 2.jpg in Resources */ = {isa = PBXBuildFile; fileRef = 6B6E9B661A2D68C5002564A3 /* 2.jpg */; };
		6B6E9B6A1A2D68C5002564A3 /* 3.jpg in Resources */ = {isa = PBXBuildFile; fileRef = 6B6E9B671A2D68C5002564A3 /* 3.jpg */; };
		6B6E9B6D1A2D9035002564A3 /* CompanyHonorViewController.m in Sources */ = {isa = PBXBuildFile; fileRef = 6B6E9B6C1A2D9035002564A3 /* CompanyHonorViewController.m */; };
		6B6E9B711A2DBB9B002564A3 /* CorporateImageViewController.m in Sources */ = {isa = PBXBuildFile; fileRef = 6B6E9B701A2DBB9B002564A3 /* CorporateImageViewController.m */; };
		6B6E9B741A2DBD5F002564A3 /* ProjectViewController.m in Sources */ = {isa = PBXBuildFile; fileRef = 6B6E9B731A2DBD5F002564A3 /* ProjectViewController.m */; };
		6B93A5781A3582CA00AA4357 /* imageBrowserViewController.m in Sources */ = {isa = PBXBuildFile; fileRef = 6B93A5771A3582CA00AA4357 /* imageBrowserViewController.m */; };
		6B964CE81A393BCC00E55677 /* index_back.jpg in Resources */ = {isa = PBXBuildFile; fileRef = 6B964CE71A393BCC00E55677 /* index_back.jpg */; };
		6B964CEC1A3941D300E55677 /* index_logo.png in Resources */ = {isa = PBXBuildFile; fileRef = 6B964CEB1A3941D300E55677 /* index_logo.png */; };
		6B964CF21A3947F500E55677 /* AboutUsLogo.png in Resources */ = {isa = PBXBuildFile; fileRef = 6B964CEE1A3947F500E55677 /* AboutUsLogo.png */; };
		6B964CF31A3947F500E55677 /* HonorLogo.png in Resources */ = {isa = PBXBuildFile; fileRef = 6B964CEF1A3947F500E55677 /* HonorLogo.png */; };
		6B964CF41A3947F500E55677 /* LeftArrow.png in Resources */ = {isa = PBXBuildFile; fileRef = 6B964CF01A3947F500E55677 /* LeftArrow.png */; };
		6B964CF51A3947F500E55677 /* RightArrow.png in Resources */ = {isa = PBXBuildFile; fileRef = 6B964CF11A3947F500E55677 /* RightArrow.png */; };
		6B964CF71A394C8200E55677 /* about_back.jpg in Resources */ = {isa = PBXBuildFile; fileRef = 6B964CF61A394C8200E55677 /* about_back.jpg */; };
		6B964CFA1A396FFE00E55677 /* LeftArrow2.png in Resources */ = {isa = PBXBuildFile; fileRef = 6B964CF81A396FFE00E55677 /* LeftArrow2.png */; };
		6B964CFB1A396FFE00E55677 /* RightArrow2.png in Resources */ = {isa = PBXBuildFile; fileRef = 6B964CF91A396FFE00E55677 /* RightArrow2.png */; };
		6B964CFD1A397BA000E55677 /* honour_back.jpg in Resources */ = {isa = PBXBuildFile; fileRef = 6B964CFC1A397B9F00E55677 /* honour_back.jpg */; };
		6B964CFF1A397D2300E55677 /* SmallLogo.png in Resources */ = {isa = PBXBuildFile; fileRef = 6B964CFE1A397D2300E55677 /* SmallLogo.png */; };
		6B964D021A39846600E55677 /* honour_title.png in Resources */ = {isa = PBXBuildFile; fileRef = 6B964D001A39846600E55677 /* honour_title.png */; };
		6B964D031A39846600E55677 /* project_title.png in Resources */ = {isa = PBXBuildFile; fileRef = 6B964D011A39846600E55677 /* project_title.png */; };
/* End PBXBuildFile section */

/* Begin PBXContainerItemProxy section */
		6B6E9AF11A2C0793002564A3 /* PBXContainerItemProxy */ = {
			isa = PBXContainerItemProxy;
			containerPortal = 6B6E9AC31A2C0793002564A3 /* Project object */;
			proxyType = 1;
			remoteGlobalIDString = 6B6E9ACA1A2C0793002564A3;
			remoteInfo = ProjectTest;
		};
/* End PBXContainerItemProxy section */

/* Begin PBXFileReference section */
		6B1EB7E31A37D4BB009F483E /* QuartzCore.framework */ = {isa = PBXFileReference; lastKnownFileType = wrapper.framework; name = QuartzCore.framework; path = System/Library/Frameworks/QuartzCore.framework; sourceTree = SDKROOT; };
		6B1EB7E51A37D4F7009F483E /* AVFoundation.framework */ = {isa = PBXFileReference; lastKnownFileType = wrapper.framework; name = AVFoundation.framework; path = System/Library/Frameworks/AVFoundation.framework; sourceTree = SDKROOT; };
		6B41AC6A1A3009A000064AFB /* 4.jpg */ = {isa = PBXFileReference; lastKnownFileType = image.jpeg; path = 4.jpg; sourceTree = "<group>"; };
		6B41AC6B1A3009A000064AFB /* 5.jpg */ = {isa = PBXFileReference; lastKnownFileType = image.jpeg; path = 5.jpg; sourceTree = "<group>"; };
		6B41AC6C1A3009A000064AFB /* 6.jpg */ = {isa = PBXFileReference; lastKnownFileType = image.jpeg; path = 6.jpg; sourceTree = "<group>"; };
		6B6E9ACB1A2C0793002564A3 /* iosProject.app */ = {isa = PBXFileReference; explicitFileType = wrapper.application; includeInIndex = 0; path = iosProject.app; sourceTree = BUILT_PRODUCTS_DIR; };
		6B6E9ACE1A2C0793002564A3 /* Foundation.framework */ = {isa = PBXFileReference; lastKnownFileType = wrapper.framework; name = Foundation.framework; path = System/Library/Frameworks/Foundation.framework; sourceTree = SDKROOT; };
		6B6E9AD01A2C0793002564A3 /* CoreGraphics.framework */ = {isa = PBXFileReference; lastKnownFileType = wrapper.framework; name = CoreGraphics.framework; path = System/Library/Frameworks/CoreGraphics.framework; sourceTree = SDKROOT; };
		6B6E9AD21A2C0793002564A3 /* UIKit.framework */ = {isa = PBXFileReference; lastKnownFileType = wrapper.framework; name = UIKit.framework; path = System/Library/Frameworks/UIKit.framework; sourceTree = SDKROOT; };
		6B6E9AD61A2C0793002564A3 /* iosProject-Info.plist */ = {isa = PBXFileReference; lastKnownFileType = text.plist.xml; path = "iosProject-Info.plist"; sourceTree = "<group>"; };
		6B6E9AD81A2C0793002564A3 /* en */ = {isa = PBXFileReference; lastKnownFileType = text.plist.strings; name = en; path = en.lproj/InfoPlist.strings; sourceTree = "<group>"; };
		6B6E9ADA1A2C0793002564A3 /* main.m */ = {isa = PBXFileReference; lastKnownFileType = sourcecode.c.objc; path = main.m; sourceTree = "<group>"; };
		6B6E9ADC1A2C0793002564A3 /* ProjectTest-Prefix.pch */ = {isa = PBXFileReference; lastKnownFileType = sourcecode.c.h; path = "ProjectTest-Prefix.pch"; sourceTree = "<group>"; };
		6B6E9ADD1A2C0793002564A3 /* linusHaoAppDelegate.h */ = {isa = PBXFileReference; lastKnownFileType = sourcecode.c.h; path = linusHaoAppDelegate.h; sourceTree = "<group>"; };
		6B6E9ADE1A2C0793002564A3 /* linusHaoAppDelegate.m */ = {isa = PBXFileReference; lastKnownFileType = sourcecode.c.objc; path = linusHaoAppDelegate.m; sourceTree = "<group>"; };
		6B6E9AE11A2C0793002564A3 /* Base */ = {isa = PBXFileReference; lastKnownFileType = file.storyboard; name = Base; path = Base.lproj/Main.storyboard; sourceTree = "<group>"; };
		6B6E9AE31A2C0793002564A3 /* linusHaoViewController.h */ = {isa = PBXFileReference; lastKnownFileType = sourcecode.c.h; path = linusHaoViewController.h; sourceTree = "<group>"; };
		6B6E9AE41A2C0793002564A3 /* linusHaoViewController.m */ = {isa = PBXFileReference; lastKnownFileType = sourcecode.c.objc; path = linusHaoViewController.m; sourceTree = "<group>"; };
		6B6E9AE61A2C0793002564A3 /* Images.xcassets */ = {isa = PBXFileReference; lastKnownFileType = folder.assetcatalog; path = Images.xcassets; sourceTree = "<group>"; };
		6B6E9AEC1A2C0793002564A3 /* iosProjectTests.xctest */ = {isa = PBXFileReference; explicitFileType = wrapper.cfbundle; includeInIndex = 0; path = iosProjectTests.xctest; sourceTree = BUILT_PRODUCTS_DIR; };
		6B6E9AED1A2C0793002564A3 /* XCTest.framework */ = {isa = PBXFileReference; lastKnownFileType = wrapper.framework; name = XCTest.framework; path = Library/Frameworks/XCTest.framework; sourceTree = DEVELOPER_DIR; };
		6B6E9AF51A2C0793002564A3 /* iosProjectTests-Info.plist */ = {isa = PBXFileReference; lastKnownFileType = text.plist.xml; path = "iosProjectTests-Info.plist"; sourceTree = "<group>"; };
		6B6E9AF71A2C0793002564A3 /* en */ = {isa = PBXFileReference; lastKnownFileType = text.plist.strings; name = en; path = en.lproj/InfoPlist.strings; sourceTree = "<group>"; };
		6B6E9AF91A2C0793002564A3 /* ProjectTestTests.m */ = {isa = PBXFileReference; lastKnownFileType = sourcecode.c.objc; path = ProjectTestTests.m; sourceTree = "<group>"; };
		6B6E9B041A2C11DA002564A3 /* dotImage.png */ = {isa = PBXFileReference; lastKnownFileType = image.png; path = dotImage.png; sourceTree = "<group>"; };
		6B6E9B061A2C16B3002564A3 /* AboutUsViewController.h */ = {isa = PBXFileReference; fileEncoding = 4; lastKnownFileType = sourcecode.c.h; path = AboutUsViewController.h; sourceTree = "<group>"; };
		6B6E9B071A2C16B3002564A3 /* AboutUsViewController.m */ = {isa = PBXFileReference; fileEncoding = 4; lastKnownFileType = sourcecode.c.objc; path = AboutUsViewController.m; sourceTree = "<group>"; };
		6B6E9B091A2C1C01002564A3 /* ProductsViewController.h */ = {isa = PBXFileReference; fileEncoding = 4; lastKnownFileType = sourcecode.c.h; path = ProductsViewController.h; sourceTree = "<group>"; };
		6B6E9B0A1A2C1C01002564A3 /* ProductsViewController.m */ = {isa = PBXFileReference; fileEncoding = 4; lastKnownFileType = sourcecode.c.objc; path = ProductsViewController.m; sourceTree = "<group>"; };
		6B6E9B651A2D68C5002564A3 /* 1.jpg */ = {isa = PBXFileReference; lastKnownFileType = image.jpeg; path = 1.jpg; sourceTree = "<group>"; };
		6B6E9B661A2D68C5002564A3 /* 2.jpg */ = {isa = PBXFileReference; lastKnownFileType = image.jpeg; path = 2.jpg; sourceTree = "<group>"; };
		6B6E9B671A2D68C5002564A3 /* 3.jpg */ = {isa = PBXFileReference; lastKnownFileType = image.jpeg; path = 3.jpg; sourceTree = "<group>"; };
		6B6E9B6B1A2D9035002564A3 /* CompanyHonorViewController.h */ = {isa = PBXFileReference; fileEncoding = 4; lastKnownFileType = sourcecode.c.h; path = CompanyHonorViewController.h; sourceTree = "<group>"; };
		6B6E9B6C1A2D9035002564A3 /* CompanyHonorViewController.m */ = {isa = PBXFileReference; fileEncoding = 4; lastKnownFileType = sourcecode.c.objc; path = CompanyHonorViewController.m; sourceTree = "<group>"; };
		6B6E9B6F1A2DBB9B002564A3 /* CorporateImageViewController.h */ = {isa = PBXFileReference; fileEncoding = 4; lastKnownFileType = sourcecode.c.h; path = CorporateImageViewController.h; sourceTree = "<group>"; };
		6B6E9B701A2DBB9B002564A3 /* CorporateImageViewController.m */ = {isa = PBXFileReference; fileEncoding = 4; lastKnownFileType = sourcecode.c.objc; path = CorporateImageViewController.m; sourceTree = "<group>"; };
		6B6E9B721A2DBD5F002564A3 /* ProjectViewController.h */ = {isa = PBXFileReference; fileEncoding = 4; lastKnownFileType = sourcecode.c.h; path = ProjectViewController.h; sourceTree = "<group>"; };
		6B6E9B731A2DBD5F002564A3 /* ProjectViewController.m */ = {isa = PBXFileReference; fileEncoding = 4; lastKnownFileType = sourcecode.c.objc; path = ProjectViewController.m; sourceTree = "<group>"; };
		6B93A5761A3582CA00AA4357 /* imageBrowserViewController.h */ = {isa = PBXFileReference; fileEncoding = 4; lastKnownFileType = sourcecode.c.h; path = imageBrowserViewController.h; sourceTree = "<group>"; };
		6B93A5771A3582CA00AA4357 /* imageBrowserViewController.m */ = {isa = PBXFileReference; fileEncoding = 4; lastKnownFileType = sourcecode.c.objc; path = imageBrowserViewController.m; sourceTree = "<group>"; };
		6B964CE71A393BCC00E55677 /* index_back.jpg */ = {isa = PBXFileReference; lastKnownFileType = image.jpeg; path = index_back.jpg; sourceTree = "<group>"; };
		6B964CEB1A3941D300E55677 /* index_logo.png */ = {isa = PBXFileReference; lastKnownFileType = image.png; path = index_logo.png; sourceTree = "<group>"; };
		6B964CEE1A3947F500E55677 /* AboutUsLogo.png */ = {isa = PBXFileReference; lastKnownFileType = image.png; path = AboutUsLogo.png; sourceTree = "<group>"; };
		6B964CEF1A3947F500E55677 /* HonorLogo.png */ = {isa = PBXFileReference; lastKnownFileType = image.png; path = HonorLogo.png; sourceTree = "<group>"; };
		6B964CF01A3947F500E55677 /* LeftArrow.png */ = {isa = PBXFileReference; lastKnownFileType = image.png; path = LeftArrow.png; sourceTree = "<group>"; };
		6B964CF11A3947F500E55677 /* RightArrow.png */ = {isa = PBXFileReference; lastKnownFileType = image.png; path = RightArrow.png; sourceTree = "<group>"; };
		6B964CF61A394C8200E55677 /* about_back.jpg */ = {isa = PBXFileReference; lastKnownFileType = image.jpeg; path = about_back.jpg; sourceTree = "<group>"; };
		6B964CF81A396FFE00E55677 /* LeftArrow2.png */ = {isa = PBXFileReference; lastKnownFileType = image.png; path = LeftArrow2.png; sourceTree = "<group>"; };
		6B964CF91A396FFE00E55677 /* RightArrow2.png */ = {isa = PBXFileReference; lastKnownFileType = image.png; path = RightArrow2.png; sourceTree = "<group>"; };
		6B964CFC1A397B9F00E55677 /* honour_back.jpg */ = {isa = PBXFileReference; lastKnownFileType = image.jpeg; path = honour_back.jpg; sourceTree = "<group>"; };
		6B964CFE1A397D2300E55677 /* SmallLogo.png */ = {isa = PBXFileReference; lastKnownFileType = image.png; path = SmallLogo.png; sourceTree = "<group>"; };
		6B964D001A39846600E55677 /* honour_title.png */ = {isa = PBXFileReference; lastKnownFileType = image.png; path = honour_title.png; sourceTree = "<group>"; };
		6B964D011A39846600E55677 /* project_title.png */ = {isa = PBXFileReference; lastKnownFileType = image.png; path = project_title.png; sourceTree = "<group>"; };
/* End PBXFileReference section */

/* Begin PBXFrameworksBuildPhase section */
		6B6E9AC81A2C0793002564A3 /* Frameworks */ = {
			isa = PBXFrameworksBuildPhase;
			buildActionMask = 2147483647;
			files = (
				6B1EB7E61A37D4F7009F483E /* AVFoundation.framework in Frameworks */,
				6B6E9AD11A2C0793002564A3 /* CoreGraphics.framework in Frameworks */,
				6B1EB7E41A37D4BB009F483E /* QuartzCore.framework in Frameworks */,
				6B6E9AD31A2C0793002564A3 /* UIKit.framework in Frameworks */,
				6B6E9ACF1A2C0793002564A3 /* Foundation.framework in Frameworks */,
			);
			runOnlyForDeploymentPostprocessing = 0;
		};
		6B6E9AE91A2C0793002564A3 /* Frameworks */ = {
			isa = PBXFrameworksBuildPhase;
			buildActionMask = 2147483647;
			files = (
				6B6E9AEE1A2C0793002564A3 /* XCTest.framework in Frameworks */,
				6B6E9AF01A2C0793002564A3 /* UIKit.framework in Frameworks */,
				6B6E9AEF1A2C0793002564A3 /* Foundation.framework in Frameworks */,
			);
			runOnlyForDeploymentPostprocessing = 0;
		};
/* End PBXFrameworksBuildPhase section */

/* Begin PBXGroup section */
		6B41AC701A303D0700064AFB /* ProductsCenter */ = {
			isa = PBXGroup;
			children = (
				6B6E9B091A2C1C01002564A3 /* ProductsViewController.h */,
				6B6E9B0A1A2C1C01002564A3 /* ProductsViewController.m */,
			);
			name = ProductsCenter;
			sourceTree = "<group>";
		};
		6B6E9AC21A2C0793002564A3 = {
			isa = PBXGroup;
			children = (
				6B6E9AD41A2C0793002564A3 /* ProjectTest */,
				6B6E9AF31A2C0793002564A3 /* ProjectTestTests */,
				6B6E9ACD1A2C0793002564A3 /* Frameworks */,
				6B6E9ACC1A2C0793002564A3 /* Products */,
				6B6E9B031A2C11DA002564A3 /* Image */,
			);
			sourceTree = "<group>";
		};
		6B6E9ACC1A2C0793002564A3 /* Products */ = {
			isa = PBXGroup;
			children = (
				6B6E9ACB1A2C0793002564A3 /* iosProject.app */,
				6B6E9AEC1A2C0793002564A3 /* iosProjectTests.xctest */,
			);
			name = Products;
			sourceTree = "<group>";
		};
		6B6E9ACD1A2C0793002564A3 /* Frameworks */ = {
			isa = PBXGroup;
			children = (
				6B1EB7E51A37D4F7009F483E /* AVFoundation.framework */,
				6B1EB7E31A37D4BB009F483E /* QuartzCore.framework */,
				6B6E9ACE1A2C0793002564A3 /* Foundation.framework */,
				6B6E9AD01A2C0793002564A3 /* CoreGraphics.framework */,
				6B6E9AD21A2C0793002564A3 /* UIKit.framework */,
				6B6E9AED1A2C0793002564A3 /* XCTest.framework */,
			);
			name = Frameworks;
			sourceTree = "<group>";
		};
		6B6E9AD41A2C0793002564A3 /* ProjectTest */ = {
			isa = PBXGroup;
			children = (
				6B6E9B6E1A2D9047002564A3 /* AboutUs */,
				6B41AC701A303D0700064AFB /* ProductsCenter */,
				6B6E9ADD1A2C0793002564A3 /* linusHaoAppDelegate.h */,
				6B6E9ADE1A2C0793002564A3 /* linusHaoAppDelegate.m */,
				6B6E9AE01A2C0793002564A3 /* Main.storyboard */,
				6B6E9AE31A2C0793002564A3 /* linusHaoViewController.h */,
				6B6E9AE41A2C0793002564A3 /* linusHaoViewController.m */,
				6B6E9AE61A2C0793002564A3 /* Images.xcassets */,
				6B6E9AD51A2C0793002564A3 /* Supporting Files */,
			);
			path = ProjectTest;
			sourceTree = "<group>";
		};
		6B6E9AD51A2C0793002564A3 /* Supporting Files */ = {
			isa = PBXGroup;
			children = (
				6B6E9AD61A2C0793002564A3 /* iosProject-Info.plist */,
				6B6E9AD71A2C0793002564A3 /* InfoPlist.strings */,
				6B6E9ADA1A2C0793002564A3 /* main.m */,
				6B6E9ADC1A2C0793002564A3 /* ProjectTest-Prefix.pch */,
			);
			name = "Supporting Files";
			sourceTree = "<group>";
		};
		6B6E9AF31A2C0793002564A3 /* ProjectTestTests */ = {
			isa = PBXGroup;
			children = (
				6B6E9AF91A2C0793002564A3 /* ProjectTestTests.m */,
				6B6E9AF41A2C0793002564A3 /* Supporting Files */,
			);
			path = ProjectTestTests;
			sourceTree = "<group>";
		};
		6B6E9AF41A2C0793002564A3 /* Supporting Files */ = {
			isa = PBXGroup;
			children = (
				6B6E9AF51A2C0793002564A3 /* iosProjectTests-Info.plist */,
				6B6E9AF61A2C0793002564A3 /* InfoPlist.strings */,
			);
			name = "Supporting Files";
			sourceTree = "<group>";
		};
		6B6E9B031A2C11DA002564A3 /* Image */ = {
			isa = PBXGroup;
			children = (
				6BC5C0981A3936490069F54E /* index */,
				6B964CED1A3947D800E55677 /* AboutUs */,
				6B6E9B651A2D68C5002564A3 /* 1.jpg */,
				6B6E9B661A2D68C5002564A3 /* 2.jpg */,
				6B6E9B671A2D68C5002564A3 /* 3.jpg */,
				6B41AC6A1A3009A000064AFB /* 4.jpg */,
				6B41AC6B1A3009A000064AFB /* 5.jpg */,
				6B41AC6C1A3009A000064AFB /* 6.jpg */,
				6B6E9B041A2C11DA002564A3 /* dotImage.png */,
			);
			path = Image;
			sourceTree = "<group>";
		};
		6B6E9B6E1A2D9047002564A3 /* AboutUs */ = {
			isa = PBXGroup;
			children = (
				6B6E9B721A2DBD5F002564A3 /* ProjectViewController.h */,
				6B6E9B731A2DBD5F002564A3 /* ProjectViewController.m */,
				6B93A5761A3582CA00AA4357 /* imageBrowserViewController.h */,
				6B93A5771A3582CA00AA4357 /* imageBrowserViewController.m */,
				6B6E9B061A2C16B3002564A3 /* AboutUsViewController.h */,
				6B6E9B071A2C16B3002564A3 /* AboutUsViewController.m */,
				6B6E9B6B1A2D9035002564A3 /* CompanyHonorViewController.h */,
				6B6E9B6C1A2D9035002564A3 /* CompanyHonorViewController.m */,
				6B6E9B6F1A2DBB9B002564A3 /* CorporateImageViewController.h */,
				6B6E9B701A2DBB9B002564A3 /* CorporateImageViewController.m */,
			);
			name = AboutUs;
			sourceTree = "<group>";
		};
		6B964CED1A3947D800E55677 /* AboutUs */ = {
			isa = PBXGroup;
			children = (
				6B964CFC1A397B9F00E55677 /* honour_back.jpg */,
				6B964CEE1A3947F500E55677 /* AboutUsLogo.png */,
				6B964CEF1A3947F500E55677 /* HonorLogo.png */,
				6B964CF01A3947F500E55677 /* LeftArrow.png */,
				6B964CF11A3947F500E55677 /* RightArrow.png */,
				6B964CF81A396FFE00E55677 /* LeftArrow2.png */,
				6B964CF91A396FFE00E55677 /* RightArrow2.png */,
				6B964CF61A394C8200E55677 /* about_back.jpg */,
				6B964CFE1A397D2300E55677 /* SmallLogo.png */,
				6B964D001A39846600E55677 /* honour_title.png */,
				6B964D011A39846600E55677 /* project_title.png */,
			);
			name = AboutUs;
			sourceTree = "<group>";
		};
		6BC5C0981A3936490069F54E /* index */ = {
			isa = PBXGroup;
			children = (
				6B964CE71A393BCC00E55677 /* index_back.jpg */,
				6B964CEB1A3941D300E55677 /* index_logo.png */,
			);
			name = index;
			sourceTree = "<group>";
		};
/* End PBXGroup section */

/* Begin PBXNativeTarget section */
		6B6E9ACA1A2C0793002564A3 /* iosProject */ = {
			isa = PBXNativeTarget;
			buildConfigurationList = 6B6E9AFD1A2C0793002564A3 /* Build configuration list for PBXNativeTarget "iosProject" */;
			buildPhases = (
				6B6E9AC71A2C0793002564A3 /* Sources */,
				6B6E9AC81A2C0793002564A3 /* Frameworks */,
				6B6E9AC91A2C0793002564A3 /* Resources */,
			);
			buildRules = (
			);
			dependencies = (
			);
			name = iosProject;
			productName = ProjectTest;
			productReference = 6B6E9ACB1A2C0793002564A3 /* iosProject.app */;
			productType = "com.apple.product-type.application";
		};
		6B6E9AEB1A2C0793002564A3 /* iosProjectTests */ = {
			isa = PBXNativeTarget;
			buildConfigurationList = 6B6E9B001A2C0793002564A3 /* Build configuration list for PBXNativeTarget "iosProjectTests" */;
			buildPhases = (
				6B6E9AE81A2C0793002564A3 /* Sources */,
				6B6E9AE91A2C0793002564A3 /* Frameworks */,
				6B6E9AEA1A2C0793002564A3 /* Resources */,
			);
			buildRules = (
			);
			dependencies = (
				6B6E9AF21A2C0793002564A3 /* PBXTargetDependency */,
			);
			name = iosProjectTests;
			productName = ProjectTestTests;
			productReference = 6B6E9AEC1A2C0793002564A3 /* iosProjectTests.xctest */;
			productType = "com.apple.product-type.bundle.unit-test";
		};
/* End PBXNativeTarget section */

/* Begin PBXProject section */
		6B6E9AC31A2C0793002564A3 /* Project object */ = {
			isa = PBXProject;
			attributes = {
				CLASSPREFIX = linusHao;
				LastUpgradeCheck = 0510;
				ORGANIZATIONNAME = ioslearning;
				TargetAttributes = {
					6B6E9AEB1A2C0793002564A3 = {
						TestTargetID = 6B6E9ACA1A2C0793002564A3;
					};
				};
			};
			buildConfigurationList = 6B6E9AC61A2C0793002564A3 /* Build configuration list for PBXProject "iosProject" */;
			compatibilityVersion = "Xcode 3.2";
			developmentRegion = English;
			hasScannedForEncodings = 0;
			knownRegions = (
				en,
				Base,
			);
			mainGroup = 6B6E9AC21A2C0793002564A3;
			productRefGroup = 6B6E9ACC1A2C0793002564A3 /* Products */;
			projectDirPath = "";
			projectRoot = "";
			targets = (
				6B6E9ACA1A2C0793002564A3 /* iosProject */,
				6B6E9AEB1A2C0793002564A3 /* iosProjectTests */,
			);
		};
/* End PBXProject section */

/* Begin PBXResourcesBuildPhase section */
		6B6E9AC91A2C0793002564A3 /* Resources */ = {
			isa = PBXResourcesBuildPhase;
			buildActionMask = 2147483647;
			files = (
				6B964CF41A3947F500E55677 /* LeftArrow.png in Resources */,
				6B964CFD1A397BA000E55677 /* honour_back.jpg in Resources */,
				6B41AC6D1A3009A000064AFB /* 4.jpg in Resources */,
				6B964CEC1A3941D300E55677 /* index_logo.png in Resources */,
				6B6E9B691A2D68C5002564A3 /* 2.jpg in Resources */,
				6B964CF71A394C8200E55677 /* about_back.jpg in Resources */,
				6B6E9AE71A2C0793002564A3 /* Images.xcassets in Resources */,
				6B41AC6E1A3009A000064AFB /* 5.jpg in Resources */,
				6B964D031A39846600E55677 /* project_title.png in Resources */,
				6B964CF31A3947F500E55677 /* HonorLogo.png in Resources */,
				6B964CF21A3947F500E55677 /* AboutUsLogo.png in Resources */,
				6B964CFA1A396FFE00E55677 /* LeftArrow2.png in Resources */,
				6B41AC6F1A3009A000064AFB /* 6.jpg in Resources */,
				6B6E9B051A2C11DA002564A3 /* dotImage.png in Resources */,
				6B964CF51A3947F500E55677 /* RightArrow.png in Resources */,
				6B964CFB1A396FFE00E55677 /* RightArrow2.png in Resources */,
				6B6E9AD91A2C0793002564A3 /* InfoPlist.strings in Resources */,
				6B964CFF1A397D2300E55677 /* SmallLogo.png in Resources */,
				6B6E9AE21A2C0793002564A3 /* Main.storyboard in Resources */,
				6B964CE81A393BCC00E55677 /* index_back.jpg in Resources */,
				6B6E9B6A1A2D68C5002564A3 /* 3.jpg in Resources */,
				6B6E9B681A2D68C5002564A3 /* 1.jpg in Resources */,
				6B964D021A39846600E55677 /* honour_title.png in Resources */,
			);
			runOnlyForDeploymentPostprocessing = 0;
		};
		6B6E9AEA1A2C0793002564A3 /* Resources */ = {
			isa = PBXResourcesBuildPhase;
			buildActionMask = 2147483647;
			files = (
				6B6E9AF81A2C0793002564A3 /* InfoPlist.strings in Resources */,
			);
			runOnlyForDeploymentPostprocessing = 0;
		};
/* End PBXResourcesBuildPhase section */

/* Begin PBXSourcesBuildPhase section */
		6B6E9AC71A2C0793002564A3 /* Sources */ = {
			isa = PBXSourcesBuildPhase;
			buildActionMask = 2147483647;
			files = (
				6B6E9B741A2DBD5F002564A3 /* ProjectViewController.m in Sources */,
				6B6E9B0B1A2C1C01002564A3 /* ProductsViewController.m in Sources */,
				6B6E9B081A2C16B3002564A3 /* AboutUsViewController.m in Sources */,
				6B6E9ADB1A2C0793002564A3 /* main.m in Sources */,
				6B6E9ADF1A2C0793002564A3 /* linusHaoAppDelegate.m in Sources */,
				6B93A5781A3582CA00AA4357 /* imageBrowserViewController.m in Sources */,
				6B6E9AE51A2C0793002564A3 /* linusHaoViewController.m in Sources */,
				6B6E9B711A2DBB9B002564A3 /* CorporateImageViewController.m in Sources */,
				6B6E9B6D1A2D9035002564A3 /* CompanyHonorViewController.m in Sources */,
			);
			runOnlyForDeploymentPostprocessing = 0;
		};
		6B6E9AE81A2C0793002564A3 /* Sources */ = {
			isa = PBXSourcesBuildPhase;
			buildActionMask = 2147483647;
			files = (
				6B6E9AFA1A2C0793002564A3 /* ProjectTestTests.m in Sources */,
			);
			runOnlyForDeploymentPostprocessing = 0;
		};
/* End PBXSourcesBuildPhase section */

/* Begin PBXTargetDependency section */
		6B6E9AF21A2C0793002564A3 /* PBXTargetDependency */ = {
			isa = PBXTargetDependency;
			target = 6B6E9ACA1A2C0793002564A3 /* iosProject */;
			targetProxy = 6B6E9AF11A2C0793002564A3 /* PBXContainerItemProxy */;
		};
/* End PBXTargetDependency section */

/* Begin PBXVariantGroup section */
		6B6E9AD71A2C0793002564A3 /* InfoPlist.strings */ = {
			isa = PBXVariantGroup;
			children = (
				6B6E9AD81A2C0793002564A3 /* en */,
			);
			name = InfoPlist.strings;
			sourceTree = "<group>";
		};
		6B6E9AE01A2C0793002564A3 /* Main.storyboard */ = {
			isa = PBXVariantGroup;
			children = (
				6B6E9AE11A2C0793002564A3 /* Base */,
			);
			name = Main.storyboard;
			sourceTree = "<group>";
		};
		6B6E9AF61A2C0793002564A3 /* InfoPlist.strings */ = {
			isa = PBXVariantGroup;
			children = (
				6B6E9AF71A2C0793002564A3 /* en */,
			);
			name = InfoPlist.strings;
			sourceTree = "<group>";
		};
/* End PBXVariantGroup section */

/* Begin XCBuildConfiguration section */
		6B6E9AFB1A2C0793002564A3 /* Debug */ = {
			isa = XCBuildConfiguration;
			buildSettings = {
				ALWAYS_SEARCH_USER_PATHS = NO;
				CLANG_CXX_LANGUAGE_STANDARD = "gnu++0x";
				CLANG_CXX_LIBRARY = "libc++";
				CLANG_ENABLE_MODULES = YES;
				CLANG_ENABLE_OBJC_ARC = YES;
				CLANG_WARN_BOOL_CONVERSION = YES;
				CLANG_WARN_CONSTANT_CONVERSION = YES;
				CLANG_WARN_DIRECT_OBJC_ISA_USAGE = YES_ERROR;
				CLANG_WARN_EMPTY_BODY = YES;
				CLANG_WARN_ENUM_CONVERSION = YES;
				CLANG_WARN_INT_CONVERSION = YES;
				CLANG_WARN_OBJC_ROOT_CLASS = YES_ERROR;
				CLANG_WARN__DUPLICATE_METHOD_MATCH = YES;
				"CODE_SIGN_IDENTITY[sdk=iphoneos*]" = "iPhone Developer";
				COPY_PHASE_STRIP = NO;
				GCC_C_LANGUAGE_STANDARD = gnu99;
				GCC_DYNAMIC_NO_PIC = NO;
				GCC_OPTIMIZATION_LEVEL = 0;
				GCC_PREPROCESSOR_DEFINITIONS = (
					"DEBUG=1",
					"$(inherited)",
				);
				GCC_SYMBOLS_PRIVATE_EXTERN = NO;
				GCC_WARN_64_TO_32_BIT_CONVERSION = YES;
				GCC_WARN_ABOUT_RETURN_TYPE = YES_ERROR;
				GCC_WARN_UNDECLARED_SELECTOR = YES;
				GCC_WARN_UNINITIALIZED_AUTOS = YES_AGGRESSIVE;
				GCC_WARN_UNUSED_FUNCTION = YES;
				GCC_WARN_UNUSED_VARIABLE = YES;
				IPHONEOS_DEPLOYMENT_TARGET = 7.1;
				ONLY_ACTIVE_ARCH = YES;
				SDKROOT = iphoneos;
				TARGETED_DEVICE_FAMILY = 2;
			};
			name = Debug;
		};
		6B6E9AFC1A2C0793002564A3 /* Release */ = {
			isa = XCBuildConfiguration;
			buildSettings = {
				ALWAYS_SEARCH_USER_PATHS = NO;
				CLANG_CXX_LANGUAGE_STANDARD = "gnu++0x";
				CLANG_CXX_LIBRARY = "libc++";
				CLANG_ENABLE_MODULES = YES;
				CLANG_ENABLE_OBJC_ARC = YES;
				CLANG_WARN_BOOL_CONVERSION = YES;
				CLANG_WARN_CONSTANT_CONVERSION = YES;
				CLANG_WARN_DIRECT_OBJC_ISA_USAGE = YES_ERROR;
				CLANG_WARN_EMPTY_BODY = YES;
				CLANG_WARN_ENUM_CONVERSION = YES;
				CLANG_WARN_INT_CONVERSION = YES;
				CLANG_WARN_OBJC_ROOT_CLASS = YES_ERROR;
				CLANG_WARN__DUPLICATE_METHOD_MATCH = YES;
				"CODE_SIGN_IDENTITY[sdk=iphoneos*]" = "iPhone Developer";
				COPY_PHASE_STRIP = YES;
				ENABLE_NS_ASSERTIONS = NO;
				GCC_C_LANGUAGE_STANDARD = gnu99;
				GCC_WARN_64_TO_32_BIT_CONVERSION = YES;
				GCC_WARN_ABOUT_RETURN_TYPE = YES_ERROR;
				GCC_WARN_UNDECLARED_SELECTOR = YES;
				GCC_WARN_UNINITIALIZED_AUTOS = YES_AGGRESSIVE;
				GCC_WARN_UNUSED_FUNCTION = YES;
				GCC_WARN_UNUSED_VARIABLE = YES;
				IPHONEOS_DEPLOYMENT_TARGET = 7.1;
				SDKROOT = iphoneos;
				TARGETED_DEVICE_FAMILY = 2;
				VALIDATE_PRODUCT = YES;
			};
			name = Release;
		};
		6B6E9AFE1A2C0793002564A3 /* Debug */ = {
			isa = XCBuildConfiguration;
			buildSettings = {
				ASSETCATALOG_COMPILER_APPICON_NAME = AppIcon;
				ASSETCATALOG_COMPILER_LAUNCHIMAGE_NAME = LaunchImage;
				GCC_PRECOMPILE_PREFIX_HEADER = YES;
				GCC_PREFIX_HEADER = "ProjectTest/iosProject-Prefix.pch";
				INFOPLIST_FILE = "ProjectTest/iosProject-Info.plist";
				IPHONEOS_DEPLOYMENT_TARGET = 6.0;
				PRODUCT_NAME = iosProject;
				WRAPPER_EXTENSION = app;
			};
			name = Debug;
		};
		6B6E9AFF1A2C0793002564A3 /* Release */ = {
			isa = XCBuildConfiguration;
			buildSettings = {
				ASSETCATALOG_COMPILER_APPICON_NAME = AppIcon;
				ASSETCATALOG_COMPILER_LAUNCHIMAGE_NAME = LaunchImage;
				GCC_PRECOMPILE_PREFIX_HEADER = YES;
				GCC_PREFIX_HEADER = "ProjectTest/iosProject-Prefix.pch";
				INFOPLIST_FILE = "ProjectTest/iosProject-Info.plist";
				IPHONEOS_DEPLOYMENT_TARGET = 6.0;
				PRODUCT_NAME = iosProject;
				WRAPPER_EXTENSION = app;
			};
			name = Release;
		};
		6B6E9B011A2C0793002564A3 /* Debug */ = {
			isa = XCBuildConfiguration;
			buildSettings = {
				BUNDLE_LOADER = "$(BUILT_PRODUCTS_DIR)/ProjectTest.app/ProjectTest";
				FRAMEWORK_SEARCH_PATHS = (
					"$(SDKROOT)/Developer/Library/Frameworks",
					"$(inherited)",
					"$(DEVELOPER_FRAMEWORKS_DIR)",
				);
				GCC_PRECOMPILE_PREFIX_HEADER = YES;
				GCC_PREFIX_HEADER = "ProjectTest/ProjectTest-Prefix.pch";
				GCC_PREPROCESSOR_DEFINITIONS = (
					"DEBUG=1",
					"$(inherited)",
				);
				INFOPLIST_FILE = "ProjectTestTests/iosProjectTests-Info.plist";
				PRODUCT_NAME = iosProjectTests;
				TEST_HOST = "$(BUNDLE_LOADER)";
				WRAPPER_EXTENSION = xctest;
			};
			name = Debug;
		};
		6B6E9B021A2C0793002564A3 /* Release */ = {
			isa = XCBuildConfiguration;
			buildSettings = {
				BUNDLE_LOADER = "$(BUILT_PRODUCTS_DIR)/ProjectTest.app/ProjectTest";
				FRAMEWORK_SEARCH_PATHS = (
					"$(SDKROOT)/Developer/Library/Frameworks",
					"$(inherited)",
					"$(DEVELOPER_FRAMEWORKS_DIR)",
				);
				GCC_PRECOMPILE_PREFIX_HEADER = YES;
				GCC_PREFIX_HEADER = "ProjectTest/ProjectTest-Prefix.pch";
				INFOPLIST_FILE = "ProjectTestTests/iosProjectTests-Info.plist";
				PRODUCT_NAME = iosProjectTests;
				TEST_HOST = "$(BUNDLE_LOADER)";
				WRAPPER_EXTENSION = xctest;
			};
			name = Release;
		};
/* End XCBuildConfiguration section */

/* Begin XCConfigurationList section */
		6B6E9AC61A2C0793002564A3 /* Build configuration list for PBXProject "iosProject" */ = {
			isa = XCConfigurationList;
			buildConfigurations = (
				6B6E9AFB1A2C0793002564A3 /* Debug */,
				6B6E9AFC1A2C0793002564A3 /* Release */,
			);
			defaultConfigurationIsVisible = 0;
			defaultConfigurationName = Release;
		};
		6B6E9AFD1A2C0793002564A3 /* Build configuration list for PBXNativeTarget "iosProject" */ = {
			isa = XCConfigurationList;
			buildConfigurations = (
				6B6E9AFE1A2C0793002564A3 /* Debug */,
				6B6E9AFF1A2C0793002564A3 /* Release */,
			);
			defaultConfigurationIsVisible = 0;
			defaultConfigurationName = Release;
		};
		6B6E9B001A2C0793002564A3 /* Build configuration list for PBXNativeTarget "iosProjectTests" */ = {
			isa = XCConfigurationList;
			buildConfigurations = (
				6B6E9B011A2C0793002564A3 /* Debug */,
				6B6E9B021A2C0793002564A3 /* Release */,
			);
			defaultConfigurationIsVisible = 0;
			defaultConfigurationName = Release;
		};
/* End XCConfigurationList section */
	};
	rootObject = 6B6E9AC31A2C0793002564A3 /* Project object */;
}
